
Microsoft Visual Studio Solution File, Format Version 12.00
# Visual Studio Version 17
VisualStudioVersion = 17.5.33414.496
MinimumVisualStudioVersion = 10.0.40219.1
Project("{9A19103F-16F7-4668-BE54-9A1E7A4F7556}") = "jwt-AuthN.WebApi", "jwt-AuthN.WebApi\jwt-AuthN.WebApi.csproj", "{7C969837-35C4-4F69-B06A-6B78C161DD85}"
EndProject
Project("{54A90642-561A-4BB1-A94E-469ADEE60C69}") = "Jwt-AuthN.WebClient", "..\Jwt-AuthN.WebClient\Jwt-AuthN.WebClient.esproj", "{BEA0776F-62E8-4D58-B1B5-B63C4BC84AF6}"
EndProject
Global
	GlobalSection(SolutionConfigurationPlatforms) = preSolution
		Debug|Any CPU = Debug|Any CPU
		Release|Any CPU = Release|Any CPU
	EndGlobalSection
	GlobalSection(ProjectConfigurationPlatforms) = postSolution
		{7C969837-35C4-4F69-B06A-6B78C161DD85}.Debug|Any CPU.ActiveCfg = Debug|Any CPU
		{7C969837-35C4-4F69-B06A-6B78C161DD85}.Debug|Any CPU.Build.0 = Debug|Any CPU
		{7C969837-35C4-4F69-B06A-6B78C161DD85}.Release|Any CPU.ActiveCfg = Release|Any CPU
		{7C969837-35C4-4F69-B06A-6B78C161DD85}.Release|Any CPU.Build.0 = Release|Any CPU
		{BEA0776F-62E8-4D58-B1B5-B63C4BC84AF6}.Debug|Any CPU.ActiveCfg = Debug|Any CPU
		{BEA0776F-62E8-4D58-B1B5-B63C4BC84AF6}.Debug|Any CPU.Build.0 = Debug|Any CPU
		{BEA0776F-62E8-4D58-B1B5-B63C4BC84AF6}.Debug|Any CPU.Deploy.0 = Debug|Any CPU
		{BEA0776F-62E8-4D58-B1B5-B63C4BC84AF6}.Release|Any CPU.ActiveCfg = Release|Any CPU
		{BEA0776F-62E8-4D58-B1B5-B63C4BC84AF6}.Release|Any CPU.Build.0 = Release|Any CPU
		{BEA0776F-62E8-4D58-B1B5-B63C4BC84AF6}.Release|Any CPU.Deploy.0 = Release|Any CPU
	EndGlobalSection
	GlobalSection(SolutionProperties) = preSolution
		HideSolutionNode = FALSE
	EndGlobalSection
	GlobalSection(ExtensibilityGlobals) = postSolution
		SolutionGuid = {AE8678B6-BC54-466F-9032-22D5DF01879B}
	EndGlobalSection
EndGlobal
